<?xml version="1.0" encoding="utf-8"?>
<Project ToolsVersion="4.0" xmlns="http://schemas.microsoft.com/developer/msbuild/2003">
  <ItemGroup>
    <Filter Include="Source Files">
      <UniqueIdentifier>{4FC737F1-C7A5-4376-A066-2A32D752A2FF}</UniqueIdentifier>
      <Extensions>cpp;c;cc;cxx;def;odl;idl;hpj;bat;asm;asmx</Extensions>
    </Filter>
    <Filter Include="Interfaces">
      <UniqueIdentifier>{269c05d9-c9ef-44ca-b720-489aed9374c5}</UniqueIdentifier>
    </Filter>
    <Filter Include="Validators">
      <UniqueIdentifier>{6f01e15f-3735-4b38-9077-3e0d40efca44}</UniqueIdentifier>
    </Filter>
    <Filter Include="Launchers">
      <UniqueIdentifier>{8688f77f-c550-4f27-a665-7b2feab1cedd}</UniqueIdentifier>
    </Filter>
  </ItemGroup>
  <ItemGroup>
    <ClCompile Include="LaunchTimes_main.cpp">
      <Filter>Source Files</Filter>
    </ClCompile>
    <ClCompile Include="LaunchtimesValidator.cpp">
      <Filter>Validators</Filter>
    </ClCompile>
    <ClCompile Include="FilesLauncher.cpp">
      <Filter>Launchers</Filter>
    </ClCompile>
    <ClCompile Include="LauncherCommand.cpp">
      <Filter>Launchers</Filter>
    </ClCompile>
  </ItemGroup>
  <ItemGroup>
    <ClInclude Include="IArgumentValidator.h">
      <Filter>Interfaces</Filter>
    </ClInclude>
    <ClInclude Include="LaunchtimesValidator.h">
      <Filter>Validators</Filter>
    </ClInclude>
    <ClInclude Include="ICommand.h">
      <Filter>Interfaces</Filter>
    </ClInclude>
    <ClInclude Include="ILauncher.h">
      <Filter>Interfaces</Filter>
    </ClInclude>
    <ClInclude Include="FilesLauncher.h">
      <Filter>Launchers</Filter>
    </ClInclude>
    <ClInclude Include="LauncherCommand.h">
      <Filter>Launchers</Filter>
    </ClInclude>
  </ItemGroup>
</Project>